
Microsoft Visual Studio Solution File, Format Version 12.00
# Visual Studio Version 17
VisualStudioVersion = 17.9.34723.18
MinimumVisualStudioVersion = 10.0.40219.1
Project("{FAE04EC0-301F-11D3-BF4B-00C04F79EFBC}") = "Tdd.Core.Test", "TddWithDependencies\Tdd.Core.Test.csproj", "{3A5F58E7-50EE-4598-AEDE-84AB863F83A1}"
EndProject
Project("{FAE04EC0-301F-11D3-BF4B-00C04F79EFBC}") = "Tdd.Core", "Tdd.Core\Tdd.Core.csproj", "{AADDCBC8-1ECE-42B3-8FE4-330A0325EEE1}"
EndProject
Global
	GlobalSection(SolutionConfigurationPlatforms) = preSolution
		Debug|Any CPU = Debug|Any CPU
		Release|Any CPU = Release|Any CPU
	EndGlobalSection
	GlobalSection(ProjectConfigurationPlatforms) = postSolution
		{3A5F58E7-50EE-4598-AEDE-84AB863F83A1}.Debug|Any CPU.ActiveCfg = Debug|Any CPU
		{3A5F58E7-50EE-4598-AEDE-84AB863F83A1}.Debug|Any CPU.Build.0 = Debug|Any CPU
		{3A5F58E7-50EE-4598-AEDE-84AB863F83A1}.Release|Any CPU.ActiveCfg = Release|Any CPU
		{3A5F58E7-50EE-4598-AEDE-84AB863F83A1}.Release|Any CPU.Build.0 = Release|Any CPU
		{AADDCBC8-1ECE-42B3-8FE4-330A0325EEE1}.Debug|Any CPU.ActiveCfg = Debug|Any CPU
		{AADDCBC8-1ECE-42B3-8FE4-330A0325EEE1}.Debug|Any CPU.Build.0 = Debug|Any CPU
		{AADDCBC8-1ECE-42B3-8FE4-330A0325EEE1}.Release|Any CPU.ActiveCfg = Release|Any CPU
		{AADDCBC8-1ECE-42B3-8FE4-330A0325EEE1}.Release|Any CPU.Build.0 = Release|Any CPU
	EndGlobalSection
	GlobalSection(SolutionProperties) = preSolution
		HideSolutionNode = FALSE
	EndGlobalSection
	GlobalSection(ExtensibilityGlobals) = postSolution
		SolutionGuid = {C7C7E68C-34E0-454F-BD84-3250B9AA8D04}
	EndGlobalSection
EndGlobal
